github.com/davecgh/go-spew v1.1.0/go.mod h1:J7Y8YcW2NihsgmVo/mv3lAwl/skON4iLHjSsI+c5H38=
github.com/go-sql-driver/mysql v1.4.1 h1:g24URVg0OFbNUTx9qqY1IRZ9D9z3iPyi5zKhQZpNwpA=
github.com/go-sql-driver/mysql v1.4.1/go.mod h1:zAC/RDZ24gD3HViQzih4MyKcchzm+sOG5ZlKdlhCg5w=
github.com/golang/protobuf v1.3.1/go.mod h1:6lQm79b+lXiMfvg/cZm0SGofjICqVBUtrP5yJMmIC1U=
github.com/gomodule/redigo v1.7.0/go.mod h1:B4C85qUVwatsJoIUNIfCRsp7qO0iAmpGFZ4EELWSbC4=
github.com/gomodule/redigo v1.8.1 h1:Abmo0bI7Xf0IhdIPc7HZQzZcShdnmxeoVuDDtIQp8N8=
github.com/gomodule/redigo v1.8.1/go.mod h1:P9dn9mFrCBvWhGE1wpxx6fgq7BAeLBk+UUUzlpkBYO0=
github.com/joho/godotenv v1.3.0 h1:Zjp+RcGpHhGlrMbJzXTrZZPrWj+1vfm90La1wgB6Bhc=
github.com/joho/godotenv v1.3.0/go.mod h1:7hK45KPybAkOC6peb+G5yklZfMxEjkZhHbwpqxOKXbg=
github.com/kaizer666/RedisLibrary v1.0.0 h1:Z2SnJ3bFZflesAs7LWXUb5YY0xL/ZxzEEoCSlPupy/0=
github.com/kaizer666/RedisLibrary v1.0.0/go.mod h1:6p4VCvlvpUwMBAbQVH3DVxY3zLD0kWrXPboSSQ7qJqc=
github.com/kaizer666/goenvtools v1.0.0 h1:4FFPOTIxqwP38yAISZTiX8XO5VC+PHme4JFKxSLUoNI=
github.com/kaizer666/goenvtools v1.0.0/go.mod h1:616LLYVUPFRtiy4TfpF4Qjyu9WBpkfbh5FbMuTw34/s=
github.com/kaizer666/gologger v1.0.1/go.mod h1:+qpD72cG/S9j3fvrxAl60b4apMIlW30q8ZHhojeM35Q=
github.com/kaizer666/gologger v1.0.2 h1:BAAKGaV8dyio3bYnL3t594Z3gpbf/bPDVWTOofawIL4=
github.com/kaizer666/gologger v1.0.2/go.mod h1:+qpD72cG/S9j3fvrxAl60b4apMIlW30q8ZHhojeM35Q=
github.com/kaizer666/log4go v1.0.0 h1:/boQObBjGG0aGtpRiEsDTLIbgVcjLNOufbg2oBwEN10=
github.com/kaizer666/log4go v1.0.0/go.mod h1:/lyulKhkHeqXFariQ/rUPZhq4IB7N0oSxYFYQtfRS+s=
github.com/kaizer666/serviceCommunicatorServer v1.2.0 h1:AK7N3imptM0NVM0UK8lazUleEGjF/br0LyfCdPbRy2E=
github.com/kaizer666/serviceCommunicatorServer v1.2.0/go.mod h1:8X98PGV9iRXlfCJcxY3eE1YT3iVJehcsXiNHLgbVx7A=
github.com/pmezard/go-difflib v1.0.0/go.mod h1:iKH77koFhYxTK1pcRnkKkqfTogsbg7gZNVY4sRDYZ/4=
github.com/stretchr/objx v0.1.0/go.mod h1:HFkY916IF+rwdDfMAkV7OtwuqBVzrE8GR6GFx+wExME=
github.com/stretchr/testify v1.5.1/go.mod h1:5W2xD1RspED5o8YsWQXVCued0rvSQ+mT+I5cxcmMvtA=
golang.org/x/crypto v0.0.0-20190308221718-c2843e01d9a2/go.mod h1:djNgcEr1/C05ACkg1iLfiJU5Ep61QUkGW8qpdssI0+w=
golang.org/x/net v0.0.0-20190603091049-60506f45cf65/go.mod h1:HSz+uSET+XFnRR8LxR5pz3Of3rY3CfYBVs4xY44aLks=
golang.org/x/sys v0.0.0-20190215142949-d0b11bdaac8a/go.mod h1:STP8DvDyc/dI5b8T5hshtkjS+E42TnysNCUPdjciGhY=
golang.org/x/text v0.3.0/go.mod h1:NqM8EUOU14njkJ3fqMW+pc6Ldnwhi/IjpwHt7yyuwOQ=
golang.org/x/text v0.3.2/go.mod h1:bEr9sfX3Q8Zfm5fL9x+3itogRgK3+ptLWKqgva+5dAk=
golang.org/x/tools v0.0.0-20180917221912-90fa682c2a6e/go.mod h1:n7NCudcB/nEzxVGmLbDWY5pfWTLqBcC2KZ6jyYvM4mQ=
google.golang.org/appengine v1.6.6 h1:lMO5rYAqUxkmaj76jAkRUvt5JZgFymx/+Q5Mzfivuhc=
google.golang.org/appengine v1.6.6/go.mod h1:8WjMMxjGQR8xUklV/ARdw2HLXBOI7O7uCIDZVag1xfc=
gopkg.in/check.v1 v0.0.0-20161208181325-20d25e280405/go.mod h1:Co6ibVJAznAaIkqp8huTwlJQCZ016jof/cbN4VW5Yz0=
gopkg.in/yaml.v2 v2.2.2/go.mod h1:hI93XBmqTisBFMUTm0b8Fm+jr3Dg1NNxqwp+5A1VGuI=
